
Microsoft Visual Studio Solution File, Format Version 12.00
# Visual Studio 15
VisualStudioVersion = 15.0.27428.2015
MinimumVisualStudioVersion = 10.0.40219.1
Project("{FAE04EC0-301F-11D3-BF4B-00C04F79EFBC}") = "WpfApp4", "WpfApp4.csproj", "{B874F261-4302-44F4-B37F-4ECB68004E63}"
EndProject
Global
	GlobalSection(SolutionConfigurationPlatforms) = preSolution
		Debug|Any CPU = Debug|Any CPU
		Release|Any CPU = Release|Any CPU
	EndGlobalSection
	GlobalSection(ProjectConfigurationPlatforms) = postSolution
		{B874F261-4302-44F4-B37F-4ECB68004E63}.Debug|Any CPU.ActiveCfg = Debug|Any CPU
		{B874F261-4302-44F4-B37F-4ECB68004E63}.Debug|Any CPU.Build.0 = Debug|Any CPU
		{B874F261-4302-44F4-B37F-4ECB68004E63}.Release|Any CPU.ActiveCfg = Release|Any CPU
		{B874F261-4302-44F4-B37F-4ECB68004E63}.Release|Any CPU.Build.0 = Release|Any CPU
	EndGlobalSection
	GlobalSection(SolutionProperties) = preSolution
		HideSolutionNode = FALSE
	EndGlobalSection
	GlobalSection(ExtensibilityGlobals) = postSolution
		SolutionGuid = {F6DFF05D-AE8C-46DC-9970-46F8F318252B}
	EndGlobalSection
EndGlobal
